// !$*UTF8*$!
{
	archiveVersion = 1;
	classes = {
	};
	objectVersion = 46;
	objects = {

/* Begin PBXBuildFile section */
		81541ABA1D5E5548000DA67C /* main.swift in Sources */ = {isa = PBXBuildFile; fileRef = 81541AB91D5E5548000DA67C /* main.swift */; };
		81A494101D5E5EFC00945F2A /* String+Strings.swift in Sources */ = {isa = PBXBuildFile; fileRef = 81A4940F1D5E5EFC00945F2A /* String+Strings.swift */; };
		81A494121D5E717E00945F2A /* CSV.swift in Sources */ = {isa = PBXBuildFile; fileRef = 81A494111D5E717E00945F2A /* CSV.swift */; };
		81A494141D5E7F2800945F2A /* Strings.swift in Sources */ = {isa = PBXBuildFile; fileRef = 81A494131D5E7F2800945F2A /* Strings.swift */; };
		81A494161D5E8BDE00945F2A /* StringsToCSV.swift in Sources */ = {isa = PBXBuildFile; fileRef = 81A494151D5E8BDE00945F2A /* StringsToCSV.swift */; };
/* End PBXBuildFile section */

/* Begin PBXCopyFilesBuildPhase section */
		81541AB41D5E5548000DA67C /* CopyFiles */ = {
			isa = PBXCopyFilesBuildPhase;
			buildActionMask = 2147483647;
			dstPath = /usr/share/man/man1;
			dstSubfolderSpec = 0;
			files = (
			);
			runOnlyForDeploymentPostprocessing = 1;
		};
/* End PBXCopyFilesBuildPhase section */

/* Begin PBXFileReference section */
		81541AB61D5E5548000DA67C /* StringyCSV */ = {isa = PBXFileReference; explicitFileType = "compiled.mach-o.executable"; includeInIndex = 0; path = StringyCSV; sourceTree = BUILT_PRODUCTS_DIR; };
		81541AB91D5E5548000DA67C /* main.swift */ = {isa = PBXFileReference; lastKnownFileType = sourcecode.swift; path = main.swift; sourceTree = "<group>"; };
		81A4940F1D5E5EFC00945F2A /* String+Strings.swift */ = {isa = PBXFileReference; fileEncoding = 4; lastKnownFileType = sourcecode.swift; path = "String+Strings.swift"; sourceTree = "<group>"; };
		81A494111D5E717E00945F2A /* CSV.swift */ = {isa = PBXFileReference; fileEncoding = 4; lastKnownFileType = sourcecode.swift; path = CSV.swift; sourceTree = "<group>"; };
		81A494131D5E7F2800945F2A /* Strings.swift */ = {isa = PBXFileReference; fileEncoding = 4; lastKnownFileType = sourcecode.swift; path = Strings.swift; sourceTree = "<group>"; };
		81A494151D5E8BDE00945F2A /* StringsToCSV.swift */ = {isa = PBXFileReference; fileEncoding = 4; lastKnownFileType = sourcecode.swift; path = StringsToCSV.swift; sourceTree = "<group>"; };
/* End PBXFileReference section */

/* Begin PBXFrameworksBuildPhase section */
		81541AB31D5E5548000DA67C /* Frameworks */ = {
			isa = PBXFrameworksBuildPhase;
			buildActionMask = 2147483647;
			files = (
			);
			runOnlyForDeploymentPostprocessing = 0;
		};
/* End PBXFrameworksBuildPhase section */

/* Begin PBXGroup section */
		81541AAD1D5E5548000DA67C = {
			isa = PBXGroup;
			children = (
				81541AB81D5E5548000DA67C /* StringyCSV */,
				81541AB71D5E5548000DA67C /* Products */,
			);
			sourceTree = "<group>";
		};
		81541AB71D5E5548000DA67C /* Products */ = {
			isa = PBXGroup;
			children = (
				81541AB61D5E5548000DA67C /* StringyCSV */,
			);
			name = Products;
			sourceTree = "<group>";
		};
		81541AB81D5E5548000DA67C /* StringyCSV */ = {
			isa = PBXGroup;
			children = (
				81541AB91D5E5548000DA67C /* main.swift */,
				81A494111D5E717E00945F2A /* CSV.swift */,
				81A494131D5E7F2800945F2A /* Strings.swift */,
				81A494151D5E8BDE00945F2A /* StringsToCSV.swift */,
				81A4940F1D5E5EFC00945F2A /* String+Strings.swift */,
			);
			path = StringyCSV;
			sourceTree = "<group>";
		};
/* End PBXGroup section */

/* Begin PBXNativeTarget section */
		81541AB51D5E5548000DA67C /* StringyCSV */ = {
			isa = PBXNativeTarget;
			buildConfigurationList = 81541ABD1D5E5548000DA67C /* Build configuration list for PBXNativeTarget "StringyCSV" */;
			buildPhases = (
				81541AB21D5E5548000DA67C /* Sources */,
				81541AB31D5E5548000DA67C /* Frameworks */,
				81541AB41D5E5548000DA67C /* CopyFiles */,
			);
			buildRules = (
			);
			dependencies = (
			);
			name = StringyCSV;
			productName = StringyCSV;
			productReference = 81541AB61D5E5548000DA67C /* StringyCSV */;
			productType = "com.apple.product-type.tool";
		};
/* End PBXNativeTarget section */

/* Begin PBXProject section */
		81541AAE1D5E5548000DA67C /* Project object */ = {
			isa = PBXProject;
			attributes = {
				LastSwiftUpdateCheck = 0730;
				LastUpgradeCheck = 0730;
				ORGANIZATIONNAME = "Alasdair Law";
				TargetAttributes = {
					81541AB51D5E5548000DA67C = {
						CreatedOnToolsVersion = 7.3.1;
					};
				};
			};
			buildConfigurationList = 81541AB11D5E5548000DA67C /* Build configuration list for PBXProject "StringyCSV" */;
			compatibilityVersion = "Xcode 3.2";
			developmentRegion = English;
			hasScannedForEncodings = 0;
			knownRegions = (
				en,
			);
			mainGroup = 81541AAD1D5E5548000DA67C;
			productRefGroup = 81541AB71D5E5548000DA67C /* Products */;
			projectDirPath = "";
			projectRoot = "";
			targets = (
				81541AB51D5E5548000DA67C /* StringyCSV */,
			);
		};
/* End PBXProject section */

/* Begin PBXSourcesBuildPhase section */
		81541AB21D5E5548000DA67C /* Sources */ = {
			isa = PBXSourcesBuildPhase;
			buildActionMask = 2147483647;
			files = (
				81541ABA1D5E5548000DA67C /* main.swift in Sources */,
				81A494101D5E5EFC00945F2A /* String+Strings.swift in Sources */,
				81A494141D5E7F2800945F2A /* Strings.swift in Sources */,
				81A494161D5E8BDE00945F2A /* StringsToCSV.swift in Sources */,
				81A494121D5E717E00945F2A /* CSV.swift in Sources */,
			);
			runOnlyForDeploymentPostprocessing = 0;
		};
/* End PBXSourcesBuildPhase section */

/* Begin XCBuildConfiguration section */
		81541ABB1D5E5548000DA67C /* Debug */ = {
			isa = XCBuildConfiguration;
			buildSettings = {
				ALWAYS_SEARCH_USER_PATHS = NO;
				CLANG_ANALYZER_NONNULL = YES;
				CLANG_CXX_LANGUAGE_STANDARD = "gnu++0x";
				CLANG_CXX_LIBRARY = "libc++";
				CLANG_ENABLE_MODULES = YES;
				CLANG_ENABLE_OBJC_ARC = YES;
				CLANG_WARN_BOOL_CONVERSION = YES;
				CLANG_WARN_CONSTANT_CONVERSION = YES;
				CLANG_WARN_DIRECT_OBJC_ISA_USAGE = YES_ERROR;
				CLANG_WARN_EMPTY_BODY = YES;
				CLANG_WARN_ENUM_CONVERSION = YES;
				CLANG_WARN_INT_CONVERSION = YES;
				CLANG_WARN_OBJC_ROOT_CLASS = YES_ERROR;
				CLANG_WARN_UNREACHABLE_CODE = YES;
				CLANG_WARN__DUPLICATE_METHOD_MATCH = YES;
				CODE_SIGN_IDENTITY = "-";
				COPY_PHASE_STRIP = NO;
				DEBUG_INFORMATION_FORMAT = dwarf;
				ENABLE_STRICT_OBJC_MSGSEND = YES;
				ENABLE_TESTABILITY = YES;
				GCC_C_LANGUAGE_STANDARD = gnu99;
				GCC_DYNAMIC_NO_PIC = NO;
				GCC_NO_COMMON_BLOCKS = YES;
				GCC_OPTIMIZATION_LEVEL = 0;
				GCC_PREPROCESSOR_DEFINITIONS = (
					"DEBUG=1",
					"$(inherited)",
				);
				GCC_WARN_64_TO_32_BIT_CONVERSION = YES;
				GCC_WARN_ABOUT_RETURN_TYPE = YES_ERROR;
				GCC_WARN_UNDECLARED_SELECTOR = YES;
				GCC_WARN_UNINITIALIZED_AUTOS = YES_AGGRESSIVE;
				GCC_WARN_UNUSED_FUNCTION = YES;
				GCC_WARN_UNUSED_VARIABLE = YES;
				MACOSX_DEPLOYMENT_TARGET = 10.11;
				MTL_ENABLE_DEBUG_INFO = YES;
				ONLY_ACTIVE_ARCH = YES;
				SDKROOT = macosx;
				SWIFT_OPTIMIZATION_LEVEL = "-Onone";
			};
			name = Debug;
		};
		81541ABC1D5E5548000DA67C /* Release */ = {
			isa = XCBuildConfiguration;
			buildSettings = {
				ALWAYS_SEARCH_USER_PATHS = NO;
				CLANG_ANALYZER_NONNULL = YES;
				CLANG_CXX_LANGUAGE_STANDARD = "gnu++0x";
				CLANG_CXX_LIBRARY = "libc++";
				CLANG_ENABLE_MODULES = YES;
				CLANG_ENABLE_OBJC_ARC = YES;
				CLANG_WARN_BOOL_CONVERSION = YES;
				CLANG_WARN_CONSTANT_CONVERSION = YES;
				CLANG_WARN_DIRECT_OBJC_ISA_USAGE = YES_ERROR;
				CLANG_WARN_EMPTY_BODY = YES;
				CLANG_WARN_ENUM_CONVERSION = YES;
				CLANG_WARN_INT_CONVERSION = YES;
				CLANG_WARN_OBJC_ROOT_CLASS = YES_ERROR;
				CLANG_WARN_UNREACHABLE_CODE = YES;
				CLANG_WARN__DUPLICATE_METHOD_MATCH = YES;
				CODE_SIGN_IDENTITY = "-";
				COPY_PHASE_STRIP = NO;
				DEBUG_INFORMATION_FORMAT = "dwarf-with-dsym";
				ENABLE_NS_ASSERTIONS = NO;
				ENABLE_STRICT_OBJC_MSGSEND = YES;
				GCC_C_LANGUAGE_STANDARD = gnu99;
				GCC_NO_COMMON_BLOCKS = YES;
				GCC_WARN_64_TO_32_BIT_CONVERSION = YES;
				GCC_WARN_ABOUT_RETURN_TYPE = YES_ERROR;
				GCC_WARN_UNDECLARED_SELECTOR = YES;
				GCC_WARN_UNINITIALIZED_AUTOS = YES_AGGRESSIVE;
				GCC_WARN_UNUSED_FUNCTION = YES;
				GCC_WARN_UNUSED_VARIABLE = YES;
				MACOSX_DEPLOYMENT_TARGET = 10.11;
				MTL_ENABLE_DEBUG_INFO = NO;
				SDKROOT = macosx;
			};
			name = Release;
		};
		81541ABE1D5E5548000DA67C /* Debug */ = {
			isa = XCBuildConfiguration;
			buildSettings = {
				PRODUCT_NAME = "$(TARGET_NAME)";
			};
			name = Debug;
		};
		81541ABF1D5E5548000DA67C /* Release */ = {
			isa = XCBuildConfiguration;
			buildSettings = {
				PRODUCT_NAME = "$(TARGET_NAME)";
			};
			name = Release;
		};
/* End XCBuildConfiguration section */

/* Begin XCConfigurationList section */
		81541AB11D5E5548000DA67C /* Build configuration list for PBXProject "StringyCSV" */ = {
			isa = XCConfigurationList;
			buildConfigurations = (
				81541ABB1D5E5548000DA67C /* Debug */,
				81541ABC1D5E5548000DA67C /* Release */,
			);
			defaultConfigurationIsVisible = 0;
			defaultConfigurationName = Release;
		};
		81541ABD1D5E5548000DA67C /* Build configuration list for PBXNativeTarget "StringyCSV" */ = {
			isa = XCConfigurationList;
			buildConfigurations = (
				81541ABE1D5E5548000DA67C /* Debug */,
				81541ABF1D5E5548000DA67C /* Release */,
			);
			defaultConfigurationIsVisible = 0;
			defaultConfigurationName = Release;
		};
/* End XCConfigurationList section */
	};
	rootObject = 81541AAE1D5E5548000DA67C /* Project object */;
}
